{
  "name": "cordova-line-login-plugin",
  "version": "0.3.4",
  "lockfileVersion": 1,
  "requires": true,
  "dependencies": {
    "@ionic-native/line-login": {
      "version": "https://github.com/nrikiji/cordova-line-login-plugin/raw/master/ionic-native/ionic-native-line-login-4.15.0.tgz",
      "integrity": "sha512-Zh9iKUOcXLGILsNGyZYYyn1DE4KJ1i1KHKLZ+PUrUzYrUI+IBIX4rpSd69UM1TchnbMUhPG5fCIkaXi3acE7/Q=="
    }
  }
}
